
Microsoft Visual Studio Solution File, Format Version 12.00
# Visual Studio Version 17
VisualStudioVersion = 17.14.36414.22
MinimumVisualStudioVersion = 10.0.40219.1
Project("{FAE04EC0-301F-11D3-BF4B-00C04F79EFBC}") = "Bai2.1", "Bai2.1\Bai2.1.csproj", "{6D81910C-F129-4BB1-81B2-8A96E464715B}"
EndProject
Project("{FAE04EC0-301F-11D3-BF4B-00C04F79EFBC}") = "Bai2.2", "Bai2.2\Bai2.2.csproj", "{7C45A3EA-7BEE-4D6D-B31D-95585495422E}"
EndProject
Project("{FAE04EC0-301F-11D3-BF4B-00C04F79EFBC}") = "Bai2.3", "Bai2.3\Bai2.3.csproj", "{FE90C21A-3C2C-4A4C-8CBE-2124AF3557D1}"
EndProject
Project("{FAE04EC0-301F-11D3-BF4B-00C04F79EFBC}") = "Bai2.4", "Bai2.4\Bai2.4.csproj", "{808D1352-B92E-4A05-B97A-7ACCF59C300E}"
EndProject
Project("{FAE04EC0-301F-11D3-BF4B-00C04F79EFBC}") = "Bai2.5", "Bai2.5\Bai2.5.csproj", "{14B4CB76-6BAF-45F0-AA69-D2243ECA186D}"
EndProject
Project("{FAE04EC0-301F-11D3-BF4B-00C04F79EFBC}") = "Bai2.6", "Bai2.6\Bai2.6.csproj", "{D23615EC-03F3-4EA0-8090-8E43FE4FDDA4}"
EndProject
Project("{FAE04EC0-301F-11D3-BF4B-00C04F79EFBC}") = "Bai2.7", "Bai2.7\Bai2.7.csproj", "{93887515-6EDF-4900-BB3B-0E8C40BE047F}"
EndProject
Project("{FAE04EC0-301F-11D3-BF4B-00C04F79EFBC}") = "Bai2.8", "Bai2.8\Bai2.8.csproj", "{04C51929-DF7C-4F72-AD1C-C99A278469E6}"
EndProject
Project("{FAE04EC0-301F-11D3-BF4B-00C04F79EFBC}") = "Bai2.9", "Bai2.9\Bai2.9.csproj", "{5FF1E8B6-984F-4296-8E5B-4E6116B30A60}"
EndProject
Project("{FAE04EC0-301F-11D3-BF4B-00C04F79EFBC}") = "Bai2.10", "Bai2.10\Bai2.10.csproj", "{1C9A79B2-558E-4B82-A1B9-7F4281013BD2}"
EndProject
Project("{FAE04EC0-301F-11D3-BF4B-00C04F79EFBC}") = "Bai3.1", "Bai3.1\Bai3.1.csproj", "{C308EE20-9129-4B54-A95E-99DF17528420}"
EndProject
Project("{FAE04EC0-301F-11D3-BF4B-00C04F79EFBC}") = "Bai3.2", "Bai3.2\Bai3.2.csproj", "{27270144-13F3-4C1A-9F2C-D64BAB712C98}"
EndProject
Project("{FAE04EC0-301F-11D3-BF4B-00C04F79EFBC}") = "Bai3.3", "Bai3.3\Bai3.3.csproj", "{2E987443-C1C0-405B-B103-1B64937712D7}"
EndProject
Project("{FAE04EC0-301F-11D3-BF4B-00C04F79EFBC}") = "Bai3.4", "Bai3.4\Bai3.4.csproj", "{529FCB9A-99B6-41F4-9CB2-6B3A2B701367}"
EndProject
Project("{FAE04EC0-301F-11D3-BF4B-00C04F79EFBC}") = "Bai4.1", "Bai4.1\Bai4.1.csproj", "{8D5FFBB1-5802-49FD-992A-07EE7A8EA194}"
EndProject
Project("{FAE04EC0-301F-11D3-BF4B-00C04F79EFBC}") = "Bai4.2", "Bai4.2\Bai4.2.csproj", "{A64E050E-65A1-4240-A290-FA009880CA6B}"
EndProject
Project("{FAE04EC0-301F-11D3-BF4B-00C04F79EFBC}") = "Bai4.3", "Bai4.3\Bai4.3.csproj", "{44E25B78-FA4C-4926-A371-B83284E281D1}"
EndProject
Project("{FAE04EC0-301F-11D3-BF4B-00C04F79EFBC}") = "Bai4.4", "Bai4.4\Bai4.4.csproj", "{5ADA0DDE-0190-4717-B97E-4130888C080E}"
EndProject
Project("{FAE04EC0-301F-11D3-BF4B-00C04F79EFBC}") = "Bai4.5", "Bai4.5\Bai4.5.csproj", "{BF902231-02E5-417F-B53E-B1F5FA9DF3F3}"
EndProject
Project("{FAE04EC0-301F-11D3-BF4B-00C04F79EFBC}") = "Bai4.6", "Bai4.6\Bai4.6.csproj", "{925324F9-9B25-4A3D-92F9-C6BE02B5FA55}"
EndProject
Project("{FAE04EC0-301F-11D3-BF4B-00C04F79EFBC}") = "Bai4.7", "Bai4.7\Bai4.7.csproj", "{9C935BF9-0EE0-402A-B6F8-D22B77911278}"
EndProject
Global
	GlobalSection(SolutionConfigurationPlatforms) = preSolution
		Debug|Any CPU = Debug|Any CPU
		Release|Any CPU = Release|Any CPU
	EndGlobalSection
	GlobalSection(ProjectConfigurationPlatforms) = postSolution
		{6D81910C-F129-4BB1-81B2-8A96E464715B}.Debug|Any CPU.ActiveCfg = Debug|Any CPU
		{6D81910C-F129-4BB1-81B2-8A96E464715B}.Debug|Any CPU.Build.0 = Debug|Any CPU
		{6D81910C-F129-4BB1-81B2-8A96E464715B}.Release|Any CPU.ActiveCfg = Release|Any CPU
		{6D81910C-F129-4BB1-81B2-8A96E464715B}.Release|Any CPU.Build.0 = Release|Any CPU
		{7C45A3EA-7BEE-4D6D-B31D-95585495422E}.Debug|Any CPU.ActiveCfg = Debug|Any CPU
		{7C45A3EA-7BEE-4D6D-B31D-95585495422E}.Debug|Any CPU.Build.0 = Debug|Any CPU
		{7C45A3EA-7BEE-4D6D-B31D-95585495422E}.Release|Any CPU.ActiveCfg = Release|Any CPU
		{7C45A3EA-7BEE-4D6D-B31D-95585495422E}.Release|Any CPU.Build.0 = Release|Any CPU
		{FE90C21A-3C2C-4A4C-8CBE-2124AF3557D1}.Debug|Any CPU.ActiveCfg = Debug|Any CPU
		{FE90C21A-3C2C-4A4C-8CBE-2124AF3557D1}.Debug|Any CPU.Build.0 = Debug|Any CPU
		{FE90C21A-3C2C-4A4C-8CBE-2124AF3557D1}.Release|Any CPU.ActiveCfg = Release|Any CPU
		{FE90C21A-3C2C-4A4C-8CBE-2124AF3557D1}.Release|Any CPU.Build.0 = Release|Any CPU
		{808D1352-B92E-4A05-B97A-7ACCF59C300E}.Debug|Any CPU.ActiveCfg = Debug|Any CPU
		{808D1352-B92E-4A05-B97A-7ACCF59C300E}.Debug|Any CPU.Build.0 = Debug|Any CPU
		{808D1352-B92E-4A05-B97A-7ACCF59C300E}.Release|Any CPU.ActiveCfg = Release|Any CPU
		{808D1352-B92E-4A05-B97A-7ACCF59C300E}.Release|Any CPU.Build.0 = Release|Any CPU
		{14B4CB76-6BAF-45F0-AA69-D2243ECA186D}.Debug|Any CPU.ActiveCfg = Debug|Any CPU
		{14B4CB76-6BAF-45F0-AA69-D2243ECA186D}.Debug|Any CPU.Build.0 = Debug|Any CPU
		{14B4CB76-6BAF-45F0-AA69-D2243ECA186D}.Release|Any CPU.ActiveCfg = Release|Any CPU
		{14B4CB76-6BAF-45F0-AA69-D2243ECA186D}.Release|Any CPU.Build.0 = Release|Any CPU
		{D23615EC-03F3-4EA0-8090-8E43FE4FDDA4}.Debug|Any CPU.ActiveCfg = Debug|Any CPU
		{D23615EC-03F3-4EA0-8090-8E43FE4FDDA4}.Debug|Any CPU.Build.0 = Debug|Any CPU
		{D23615EC-03F3-4EA0-8090-8E43FE4FDDA4}.Release|Any CPU.ActiveCfg = Release|Any CPU
		{D23615EC-03F3-4EA0-8090-8E43FE4FDDA4}.Release|Any CPU.Build.0 = Release|Any CPU
		{93887515-6EDF-4900-BB3B-0E8C40BE047F}.Debug|Any CPU.ActiveCfg = Debug|Any CPU
		{93887515-6EDF-4900-BB3B-0E8C40BE047F}.Debug|Any CPU.Build.0 = Debug|Any CPU
		{93887515-6EDF-4900-BB3B-0E8C40BE047F}.Release|Any CPU.ActiveCfg = Release|Any CPU
		{93887515-6EDF-4900-BB3B-0E8C40BE047F}.Release|Any CPU.Build.0 = Release|Any CPU
		{04C51929-DF7C-4F72-AD1C-C99A278469E6}.Debug|Any CPU.ActiveCfg = Debug|Any CPU
		{04C51929-DF7C-4F72-AD1C-C99A278469E6}.Debug|Any CPU.Build.0 = Debug|Any CPU
		{04C51929-DF7C-4F72-AD1C-C99A278469E6}.Release|Any CPU.ActiveCfg = Release|Any CPU
		{04C51929-DF7C-4F72-AD1C-C99A278469E6}.Release|Any CPU.Build.0 = Release|Any CPU
		{5FF1E8B6-984F-4296-8E5B-4E6116B30A60}.Debug|Any CPU.ActiveCfg = Debug|Any CPU
		{5FF1E8B6-984F-4296-8E5B-4E6116B30A60}.Debug|Any CPU.Build.0 = Debug|Any CPU
		{5FF1E8B6-984F-4296-8E5B-4E6116B30A60}.Release|Any CPU.ActiveCfg = Release|Any CPU
		{5FF1E8B6-984F-4296-8E5B-4E6116B30A60}.Release|Any CPU.Build.0 = Release|Any CPU
		{1C9A79B2-558E-4B82-A1B9-7F4281013BD2}.Debug|Any CPU.ActiveCfg = Debug|Any CPU
		{1C9A79B2-558E-4B82-A1B9-7F4281013BD2}.Debug|Any CPU.Build.0 = Debug|Any CPU
		{1C9A79B2-558E-4B82-A1B9-7F4281013BD2}.Release|Any CPU.ActiveCfg = Release|Any CPU
		{1C9A79B2-558E-4B82-A1B9-7F4281013BD2}.Release|Any CPU.Build.0 = Release|Any CPU
		{C308EE20-9129-4B54-A95E-99DF17528420}.Debug|Any CPU.ActiveCfg = Debug|Any CPU
		{C308EE20-9129-4B54-A95E-99DF17528420}.Debug|Any CPU.Build.0 = Debug|Any CPU
		{C308EE20-9129-4B54-A95E-99DF17528420}.Release|Any CPU.ActiveCfg = Release|Any CPU
		{C308EE20-9129-4B54-A95E-99DF17528420}.Release|Any CPU.Build.0 = Release|Any CPU
		{27270144-13F3-4C1A-9F2C-D64BAB712C98}.Debug|Any CPU.ActiveCfg = Debug|Any CPU
		{27270144-13F3-4C1A-9F2C-D64BAB712C98}.Debug|Any CPU.Build.0 = Debug|Any CPU
		{27270144-13F3-4C1A-9F2C-D64BAB712C98}.Release|Any CPU.ActiveCfg = Release|Any CPU
		{27270144-13F3-4C1A-9F2C-D64BAB712C98}.Release|Any CPU.Build.0 = Release|Any CPU
		{2E987443-C1C0-405B-B103-1B64937712D7}.Debug|Any CPU.ActiveCfg = Debug|Any CPU
		{2E987443-C1C0-405B-B103-1B64937712D7}.Debug|Any CPU.Build.0 = Debug|Any CPU
		{2E987443-C1C0-405B-B103-1B64937712D7}.Release|Any CPU.ActiveCfg = Release|Any CPU
		{2E987443-C1C0-405B-B103-1B64937712D7}.Release|Any CPU.Build.0 = Release|Any CPU
		{529FCB9A-99B6-41F4-9CB2-6B3A2B701367}.Debug|Any CPU.ActiveCfg = Debug|Any CPU
		{529FCB9A-99B6-41F4-9CB2-6B3A2B701367}.Debug|Any CPU.Build.0 = Debug|Any CPU
		{529FCB9A-99B6-41F4-9CB2-6B3A2B701367}.Release|Any CPU.ActiveCfg = Release|Any CPU
		{529FCB9A-99B6-41F4-9CB2-6B3A2B701367}.Release|Any CPU.Build.0 = Release|Any CPU
		{8D5FFBB1-5802-49FD-992A-07EE7A8EA194}.Debug|Any CPU.ActiveCfg = Debug|Any CPU
		{8D5FFBB1-5802-49FD-992A-07EE7A8EA194}.Debug|Any CPU.Build.0 = Debug|Any CPU
		{8D5FFBB1-5802-49FD-992A-07EE7A8EA194}.Release|Any CPU.ActiveCfg = Release|Any CPU
		{8D5FFBB1-5802-49FD-992A-07EE7A8EA194}.Release|Any CPU.Build.0 = Release|Any CPU
		{A64E050E-65A1-4240-A290-FA009880CA6B}.Debug|Any CPU.ActiveCfg = Debug|Any CPU
		{A64E050E-65A1-4240-A290-FA009880CA6B}.Debug|Any CPU.Build.0 = Debug|Any CPU
		{A64E050E-65A1-4240-A290-FA009880CA6B}.Release|Any CPU.ActiveCfg = Release|Any CPU
		{A64E050E-65A1-4240-A290-FA009880CA6B}.Release|Any CPU.Build.0 = Release|Any CPU
		{44E25B78-FA4C-4926-A371-B83284E281D1}.Debug|Any CPU.ActiveCfg = Debug|Any CPU
		{44E25B78-FA4C-4926-A371-B83284E281D1}.Debug|Any CPU.Build.0 = Debug|Any CPU
		{44E25B78-FA4C-4926-A371-B83284E281D1}.Release|Any CPU.ActiveCfg = Release|Any CPU
		{44E25B78-FA4C-4926-A371-B83284E281D1}.Release|Any CPU.Build.0 = Release|Any CPU
		{5ADA0DDE-0190-4717-B97E-4130888C080E}.Debug|Any CPU.ActiveCfg = Debug|Any CPU
		{5ADA0DDE-0190-4717-B97E-4130888C080E}.Debug|Any CPU.Build.0 = Debug|Any CPU
		{5ADA0DDE-0190-4717-B97E-4130888C080E}.Release|Any CPU.ActiveCfg = Release|Any CPU
		{5ADA0DDE-0190-4717-B97E-4130888C080E}.Release|Any CPU.Build.0 = Release|Any CPU
		{BF902231-02E5-417F-B53E-B1F5FA9DF3F3}.Debug|Any CPU.ActiveCfg = Debug|Any CPU
		{BF902231-02E5-417F-B53E-B1F5FA9DF3F3}.Debug|Any CPU.Build.0 = Debug|Any CPU
		{BF902231-02E5-417F-B53E-B1F5FA9DF3F3}.Release|Any CPU.ActiveCfg = Release|Any CPU
		{BF902231-02E5-417F-B53E-B1F5FA9DF3F3}.Release|Any CPU.Build.0 = Release|Any CPU
		{925324F9-9B25-4A3D-92F9-C6BE02B5FA55}.Debug|Any CPU.ActiveCfg = Debug|Any CPU
		{925324F9-9B25-4A3D-92F9-C6BE02B5FA55}.Debug|Any CPU.Build.0 = Debug|Any CPU
		{925324F9-9B25-4A3D-92F9-C6BE02B5FA55}.Release|Any CPU.ActiveCfg = Release|Any CPU
		{925324F9-9B25-4A3D-92F9-C6BE02B5FA55}.Release|Any CPU.Build.0 = Release|Any CPU
		{9C935BF9-0EE0-402A-B6F8-D22B77911278}.Debug|Any CPU.ActiveCfg = Debug|Any CPU
		{9C935BF9-0EE0-402A-B6F8-D22B77911278}.Debug|Any CPU.Build.0 = Debug|Any CPU
		{9C935BF9-0EE0-402A-B6F8-D22B77911278}.Release|Any CPU.ActiveCfg = Release|Any CPU
		{9C935BF9-0EE0-402A-B6F8-D22B77911278}.Release|Any CPU.Build.0 = Release|Any CPU
	EndGlobalSection
	GlobalSection(SolutionProperties) = preSolution
		HideSolutionNode = FALSE
	EndGlobalSection
	GlobalSection(ExtensibilityGlobals) = postSolution
		SolutionGuid = {B4DD37BF-D87C-4DFF-A058-AF2B69BBFD19}
	EndGlobalSection
EndGlobal
